{
  "version": 4,
  "terraform_version": "1.7.1",
  "serial": 5,
  "lineage": "138b6e16-579d-83ea-4164-2aa9eadcf2d5",
  "outputs": {},
  "resources": [
    {
      "mode": "managed",
      "type": "github_repository",
      "name": "kanban",
      "provider": "provider[\"registry.terraform.io/integrations/github\"]",
      "instances": [
        {
          "schema_version": 1,
          "attributes": {
            "allow_auto_merge": false,
            "allow_merge_commit": true,
            "allow_rebase_merge": true,
            "allow_squash_merge": true,
            "allow_update_branch": false,
            "archive_on_destroy": null,
            "archived": false,
            "auto_init": true,
            "default_branch": "main",
            "delete_branch_on_merge": true,
            "description": "BEAMOps sandbox",
            "etag": "W/\"0ef138fddec0703710c447caed54b52f71436c599a88dc3c33cbc70e03fbba5b\"",
            "full_name": "ooddaa/kanban",
            "git_clone_url": "git://github.com/ooddaa/kanban.git",
            "gitignore_template": "Terraform",
            "has_discussions": false,
            "has_downloads": false,
            "has_issues": true,
            "has_projects": false,
            "has_wiki": false,
            "homepage_url": "",
            "html_url": "https://github.com/ooddaa/kanban",
            "http_clone_url": "https://github.com/ooddaa/kanban.git",
            "id": "kanban",
            "ignore_vulnerability_alerts_during_read": null,
            "is_template": false,
            "license_template": null,
            "merge_commit_message": "PR_TITLE",
            "merge_commit_title": "MERGE_MESSAGE",
            "name": "kanban",
            "node_id": "R_kgDONf-4RQ",
            "pages": [],
            "primary_language": "",
            "private": true,
            "repo_id": 905951301,
            "security_and_analysis": [],
            "squash_merge_commit_message": "COMMIT_MESSAGES",
            "squash_merge_commit_title": "COMMIT_OR_PR_TITLE",
            "ssh_clone_url": "git@github.com:ooddaa/kanban.git",
            "svn_url": "https://github.com/ooddaa/kanban",
            "template": [],
            "topics": [],
            "visibility": "private",
            "vulnerability_alerts": false
          },
          "sensitive_attributes": [],
          "private": "eyJzY2hlbWFfdmVyc2lvbiI6IjEifQ=="
        }
      ]
    },
    {
      "mode": "managed",
      "type": "github_repository_milestone",
      "name": "epics",
      "provider": "provider[\"registry.terraform.io/integrations/github\"]",
      "instances": [
        {
          "schema_version": 0,
          "attributes": {
            "description": "Dockerfile, provisoning AWS, local env, base AMI with Packer",
            "due_date": "2025-01-23",
            "id": "ooddaa/kanban/1",
            "number": 1,
            "owner": "ooddaa",
            "repository": "kanban",
            "state": "open",
            "title": "Infrastructure"
          },
          "sensitive_attributes": [],
          "private": "bnVsbA=="
        }
      ]
    }
  ],
  "check_results": null
}
